FORGE
  remote: https://forgeapi.puppetlabs.com
  specs:
    adrien-alternatives (0.2.0)
    adrien-boolean (1.0.1)
    adrien-filemapper (1.1.3)
    camptocamp-kmod (0.0.1)
    darin-zypprepo (1.0.1)
    elasticsearch-elasticsearch (0.4.0)
      puppetlabs-stdlib (>= 3.2.0)
    elasticsearch-logstash (0.5.1)
      ispavailability-file_concat (>= 0.1.0)
      puppetlabs-stdlib (>= 3.2.0)
    evenup-hubot (0.1.2)
      puppetlabs-nodejs (>= 0.2.0)
      puppetlabs-stdlib (>= 3.2.0)
    example42-php (2.0.18)
      example42-puppi (>= 2.0.0)
    example42-puppi (2.1.9)
    fsalum-redis (1.0.3)
      thias-sysctl (>= 0.3.0)
    ispavailability-file_concat (0.1.0)
    jfryman-nginx (0.0.10)
      puppetlabs-apt (>= 1.0.0)
      puppetlabs-concat (>= 1.1.0)
      puppetlabs-stdlib (>= 3.0.0)
    nanliu-staging (0.4.1)
    netmanagers-dnsmasq (1.1.0)
      example42-puppi (>= 2.0.0)
      puppetlabs-concat (>= 1.0.0)
      puppetlabs-stdlib (>= 4.1.0)
    onyxpoint-gpasswd (0.1.0)
    pcfens-ca_cert (0.1.1)
      puppetlabs-stdlib (>= 3.0.0)
    puppetlabs-apache (1.2.0)
      puppetlabs-concat (>= 1.1.1)
      puppetlabs-stdlib (>= 2.4.0)
    puppetlabs-apt (1.7.0)
      puppetlabs-stdlib (>= 2.2.1)
    puppetlabs-concat (1.1.2)
      puppetlabs-stdlib (< 5.0.0, >= 3.2.0)
    puppetlabs-firewall (1.2.0)
    puppetlabs-inifile (1.1.0)
    puppetlabs-java (1.1.1)
      puppetlabs-stdlib (>= 0.1.6)
    puppetlabs-mongodb (0.8.0)
      puppetlabs-apt (>= 1.0.0)
      puppetlabs-stdlib (>= 2.2.0)
    puppetlabs-mysql (2.3.1)
      puppetlabs-stdlib (>= 3.2.0)
    puppetlabs-nodejs (0.6.1)
    puppetlabs-postgresql (3.4.2)
      puppetlabs-apt (< 2.0.0, >= 1.1.0)
      puppetlabs-concat (< 2.0.0, >= 1.0.0)
      puppetlabs-firewall (>= 0.0.4)
      puppetlabs-stdlib (< 5.0.0, >= 3.2.0)
    puppetlabs-puppetdb (3.0.1)
      puppetlabs-firewall (>= 0.0.4)
      puppetlabs-inifile (~> 1.0)
      puppetlabs-postgresql (< 4.0.0, >= 3.1.0)
      puppetlabs-stdlib (>= 2.2.0)
    puppetlabs-rabbitmq (4.1.0)
      nanliu-staging (>= 0.3.1)
      puppetlabs-apt (>= 1.0.0)
      puppetlabs-stdlib (>= 2.0.0)
    puppetlabs-stdlib (4.4.0)
    puppetlabs-xinetd (1.3.1)
      puppetlabs-stdlib (>= 2.2.1)
    rtyler-jenkins (1.1.0)
      darin-zypprepo (>= 1.0.1)
      puppetlabs-apt (>= 0.0.3)
      puppetlabs-java (>= 1.0.1)
      puppetlabs-stdlib (>= 2.0.0)
    saz-vim (2.1.0)
    theforeman-concat_native (1.3.1)
    theforeman-dhcp (1.4.0)
      theforeman-concat_native (>= 1.3.0)
    theforeman-dns (1.4.0)
      theforeman-concat_native (>= 1.3.0)
    theforeman-foreman (2.3.0)
      adrien-alternatives (< 1.0.0, >= 0.2.0)
      puppetlabs-apache (< 2.0.0, >= 1.0.0)
      puppetlabs-apt (< 2.0.0)
      puppetlabs-postgresql (>= 3.0.0)
      puppetlabs-stdlib (>= 4.2.0)
      theforeman-concat_native (>= 1.3.0)
      theforeman-tftp (>= 1.4.0)
    theforeman-foreman_proxy (2.0.2)
      puppetlabs-stdlib (>= 2.3.0)
      theforeman-dhcp (>= 1.3.0)
      theforeman-dns (>= 1.3.0)
      theforeman-foreman (>= 1.3.0)
      theforeman-puppet (>= 1.3.0)
      theforeman-tftp (>= 1.3.0)
    theforeman-git (1.3.2)
    theforeman-puppet (2.2.1)
      puppetlabs-apache (< 2.0.0, >= 1.0.0)
      puppetlabs-stdlib (>= 2.0.0)
      theforeman-concat_native (>= 1.3.0)
      theforeman-foreman (>= 1.3.0)
      theforeman-git (>= 1.3.0)
    theforeman-tftp (1.4.3)
      puppetlabs-xinetd (< 2.0.0, >= 1.1.0)
    thias-apache_httpd (0.4.2)
    thias-nagios (0.4.7)
    thias-sysctl (1.0.2)

GIT
  remote: https://github.com/Asquera/puppet-network.git
  ref: master
  sha: 799dd35337628f4d07992bee421475ccb5d27366
  specs:
    Asquera-network (0.5.0-dev)
      adrien-boolean (>= 1.0.0)
      adrien-filemapper (>= 1.0.0)
      camptocamp-kmod (~> 0.0.0)
      puppetlabs-stdlib (>= 2.3.0)

DEPENDENCIES
  Asquera-network (>= 0)
  elasticsearch-elasticsearch (= 0.4.0)
  elasticsearch-logstash (>= 0)
  evenup-hubot (>= 0)
  example42-php (>= 0)
  fsalum-redis (>= 0)
  jfryman-nginx (>= 0)
  netmanagers-dnsmasq (>= 0)
  onyxpoint-gpasswd (>= 0)
  pcfens-ca_cert (>= 0)
  puppetlabs-apt (>= 0)
  puppetlabs-java (>= 0)
  puppetlabs-mongodb (>= 0)
  puppetlabs-mysql (>= 0)
  puppetlabs-puppetdb (>= 0)
  puppetlabs-rabbitmq (>= 0)
  puppetlabs-stdlib (>= 0)
  rtyler-jenkins (>= 0)
  saz-vim (>= 0)
  theforeman-foreman (>= 0)
  theforeman-foreman_proxy (>= 0)
  theforeman-puppet (>= 0)
  thias-apache_httpd (>= 0)
  thias-nagios (>= 0)

